
Microsoft Visual Studio Solution File, Format Version 12.00
# Visual Studio 15
VisualStudioVersion = 15.0.27130.2036
MinimumVisualStudioVersion = 10.0.40219.1
Project("{FAE04EC0-301F-11D3-BF4B-00C04F79EFBC}") = "WebApp", "WebApp\WebApp.csproj", "{0D943C51-6A73-4575-A234-B5FC7A59AF4D}"
EndProject
Global
	GlobalSection(SolutionConfigurationPlatforms) = preSolution
		Debug|Any CPU = Debug|Any CPU
		Release|Any CPU = Release|Any CPU
	EndGlobalSection
	GlobalSection(ProjectConfigurationPlatforms) = postSolution
		{0D943C51-6A73-4575-A234-B5FC7A59AF4D}.Debug|Any CPU.ActiveCfg = Debug|Any CPU
		{0D943C51-6A73-4575-A234-B5FC7A59AF4D}.Debug|Any CPU.Build.0 = Debug|Any CPU
		{0D943C51-6A73-4575-A234-B5FC7A59AF4D}.Release|Any CPU.ActiveCfg = Release|Any CPU
		{0D943C51-6A73-4575-A234-B5FC7A59AF4D}.Release|Any CPU.Build.0 = Release|Any CPU
	EndGlobalSection
	GlobalSection(SolutionProperties) = preSolution
		HideSolutionNode = FALSE
	EndGlobalSection
	GlobalSection(ExtensibilityGlobals) = postSolution
		SolutionGuid = {940E6258-DFF6-4F75-AB83-8D2E5E7473BD}
	EndGlobalSection
EndGlobal
